{
  "version": "v1",
  "packages": {
    "@stoplight/mosaic": {
      "signature": "0b3514eda8d215c2e01555570251d307",
      "file": true,
      "replaced": "1.0.0-beta.55"
    },
    "@stoplight/elements": {
      "signature": "51d8846011d39c36fc4185204120e921",
      "file": true,
      "replaced": "7.0.0-alpha.6"
    },
    "@stoplight/mosaic-code-viewer": {
      "signature": "b7c5fc100345818efabc0b0198b9fe53",
      "file": true,
      "replaced": "1.0.0-beta.55"
    },
    "@stoplight/markdown-viewer": {
      "signature": "ef4d713c964f26dd4756739f9412ead1",
      "file": true
    },
    "@stoplight/markdown": {
      "signature": "7f4e97d3e0c3d41c2421d5ec6e3fc3a4",
      "file": true
    },
    "@stoplight/mosaic-code-editor": {
      "signature": "8f95d33e6d383b97bbe4b6e6a98e349c",
      "file": true
    },
    "@stoplight/elements-dev-portal": {
      "signature": "a70552ad77436f64607dbe67b14e8a8d",
      "file": true,
      "replaced": "1.0.0-beta.1"
    },
    "@stoplight/elements-core": {
      "signature": "be2977efcb0823bdc7e4774108f0e592",
      "file": true
    }
  }
}